
Microsoft Visual Studio Solution File, Format Version 12.00
# Visual Studio Version 17
VisualStudioVersion = 17.8.34511.84
MinimumVisualStudioVersion = 10.0.40219.1
Project("{FAE04EC0-301F-11D3-BF4B-00C04F79EFBC}") = "SistemaDeTarefas", "SistemaDeTarefas\SistemaDeTarefas.csproj", "{D430DA0D-7C72-4679-AABB-8B5A6CD784EB}"
EndProject
Global
	GlobalSection(SolutionConfigurationPlatforms) = preSolution
		Debug|Any CPU = Debug|Any CPU
		Release|Any CPU = Release|Any CPU
	EndGlobalSection
	GlobalSection(ProjectConfigurationPlatforms) = postSolution
		{D430DA0D-7C72-4679-AABB-8B5A6CD784EB}.Debug|Any CPU.ActiveCfg = Debug|Any CPU
		{D430DA0D-7C72-4679-AABB-8B5A6CD784EB}.Debug|Any CPU.Build.0 = Debug|Any CPU
		{D430DA0D-7C72-4679-AABB-8B5A6CD784EB}.Release|Any CPU.ActiveCfg = Release|Any CPU
		{D430DA0D-7C72-4679-AABB-8B5A6CD784EB}.Release|Any CPU.Build.0 = Release|Any CPU
	EndGlobalSection
	GlobalSection(SolutionProperties) = preSolution
		HideSolutionNode = FALSE
	EndGlobalSection
	GlobalSection(ExtensibilityGlobals) = postSolution
		SolutionGuid = {4599837A-4D44-4391-80F2-E8606644BAA7}
	EndGlobalSection
EndGlobal
